github.com/faiface/beep v0.0.0-20180728231319-f88920ff55a2 h1:wFN+dxS6980/TMECcH9sAJGgT6pmN5y0hZ3T7yW8h44=
github.com/faiface/beep v0.0.0-20180728231319-f88920ff55a2/go.mod h1:A22Xnws4HqzY9DZEtQCbYRbS1858XfgH6SCFUeRiXDI=
github.com/go-bindata/go-bindata v1.0.0 h1:upAQEGKG3hFv00/4cU/VhzF+NpCHz+Jk3rO946wWr+A=
github.com/go-bindata/go-bindata v1.0.0/go.mod h1:xK8Dsgwmeed+BBsSy2XTopBn/8uK2HWuGSnA11C3Joo=
github.com/gopherjs/gopherjs v0.0.0-20180628210949-0892b62f0d9f h1:FDM3EtwZLyhW48YRiyqjivNlNZjAObv4xt4NnJaU+NQ=
github.com/gopherjs/gopherjs v0.0.0-20180628210949-0892b62f0d9f/go.mod h1:wJfORRmW1u3UXTncJ5qlYoELFm8eSnnEO6hX4iZ3EWY=
github.com/gopherjs/gopherwasm v0.1.1 h1:R/3+SfgCFStiql6ICfyfke1WtpglfjIvTEBux8R1euc=
github.com/gopherjs/gopherwasm v0.1.1/go.mod h1:kx4n9a+MzHH0BJJhvlsQ65hqLFXDO/m256AsaDPQ+/4=
github.com/hajimehoshi/oto v0.1.1 h1:EG+WxxeAfde1mI0adhLYvGbKgDCxm7bCTd6g+JIA6vI=
github.com/hajimehoshi/oto v0.1.1/go.mod h1:hUiLWeBQnbDu4pZsAhOnGqMI1ZGibS6e2qhQdfpwz04=
github.com/pkg/errors v0.8.0 h1:WdK/asTD0HN+q6hsWO3/vpuAkAr+tw6aNJNDFFf0+qw=
github.com/pkg/errors v0.8.0/go.mod h1:bwawxfHBFNV+L2hUp1rHADufV3IMtnDRdf1r5NINEl0=
github.com/spf13/pflag v1.0.1 h1:aCvUg6QPl3ibpQUxyLkrEkCHtPqYJL4x9AuhqVqFis4=
github.com/spf13/pflag v1.0.1/go.mod h1:DYY7MBk1bdzusC3SYhjObp+wFpr4gzcvqqNjLnInEg4=
