github.com/ajstarks/svgo v0.0.0-20180830174826-7338bd80e790 h1:501Zg60y06JDtrR7HRVcX2vBWXfAviBaRUkzcRPzzHU=
github.com/ajstarks/svgo v0.0.0-20180830174826-7338bd80e790/go.mod h1:K08gAheRH3/J6wwsYMMT4xOr94bZjxIelGM0+d/wbFw=
github.com/davecgh/go-spew v1.1.1 h1:vj9j/u1bqnvCEfJOwUhtlOARqs3+rkHYY13jYWTU97c=
github.com/davecgh/go-spew v1.1.1/go.mod h1:J7Y8YcW2NihsgmVo/mv3lAwl/skON4iLHjSsI+c5H38=
github.com/fyne-io/fyne v0.0.0-20180920100906-f8512dd71118 h1:YhLhnXV3NrfRzoX+ngxyeKTpuqp9RyMQOEd0aHKTIMA=
github.com/fyne-io/fyne v0.0.0-20180920100906-f8512dd71118/go.mod h1:7hMcoQylYaW/zrCA54lzQnTxzOcsCTzqAp7qOCJixz8=
github.com/gotk3/gotk3 v0.0.0-20180905040958-020531a77b59 h1:YvHa8B/ciZ7YgbgvX8vT1OWt28rPqwfE8ykEa0uxto0=
github.com/gotk3/gotk3 v0.0.0-20180905040958-020531a77b59/go.mod h1:Eew3QBwAOBTrfFFDmsDE5wZWbcagBL1NUslj1GhRveo=
github.com/pmezard/go-difflib v1.0.0 h1:4DBwDE0NGyQoBHbLQYPwSUPoCMWR5BEzIk/f1lZbAQM=
github.com/pmezard/go-difflib v1.0.0/go.mod h1:iKH77koFhYxTK1pcRnkKkqfTogsbg7gZNVY4sRDYZ/4=
github.com/spf13/pflag v1.0.2 h1:Fy0orTDgHdbnzHcsOgfCN4LtHf0ec3wwtiwJqwvf3Gc=
github.com/spf13/pflag v1.0.2/go.mod h1:DYY7MBk1bdzusC3SYhjObp+wFpr4gzcvqqNjLnInEg4=
github.com/stretchr/testify v1.2.2 h1:bSDNvY7ZPG5RlJ8otE/7V6gMiyenm9RtJ7IUVIAoJ1w=
github.com/stretchr/testify v1.2.2/go.mod h1:a8OnRcib4nhh0OaRAV+Yts87kKdq0PP7pXfy6kDkUVs=
golang.org/x/image v0.0.0-20180920235150-e1a1ede6891c h1:D01K2AOhYjsIE5rfpfrvxzCeRKyTvmq3nP+Fp22tng8=
golang.org/x/image v0.0.0-20180920235150-e1a1ede6891c/go.mod h1:ux5Hcp/YLpHSI86hEcLt0YII63i6oz57MZXIpbrjZUs=
