github.com/faiface/beep v0.0.0-20180613152729-fe13953ab844 h1:mNcxpz+R0sH2tkToPMoY/Ja9/qMT+BSDoHe8RTv4rzE=
github.com/faiface/beep v0.0.0-20180613152729-fe13953ab844/go.mod h1:A22Xnws4HqzY9DZEtQCbYRbS1858XfgH6SCFUeRiXDI=
github.com/gopherjs/gopherjs v0.0.0-20180628210949-0892b62f0d9f h1:FDM3EtwZLyhW48YRiyqjivNlNZjAObv4xt4NnJaU+NQ=
github.com/gopherjs/gopherjs v0.0.0-20180628210949-0892b62f0d9f/go.mod h1:wJfORRmW1u3UXTncJ5qlYoELFm8eSnnEO6hX4iZ3EWY=
github.com/gopherjs/gopherwasm v0.0.0-20180715123310-0765e455aaf6 h1:jlhhn5+kvyFKC+diq6kYPdVgkemQMVea3cRRUSGRZBw=
github.com/gopherjs/gopherwasm v0.0.0-20180715123310-0765e455aaf6/go.mod h1:p5NWZjUtSXtYIzAvkf5nz1PKQ1ZP2kf/mb4apd1qN24=
github.com/hajimehoshi/oto v0.0.0-20180705142016-b091cc6aeb6d h1:EYq7S6tTsLhKOcpjDxxXP+duR9K1IG4S1vgY3w1T3eM=
github.com/hajimehoshi/oto v0.0.0-20180705142016-b091cc6aeb6d/go.mod h1:Co7jIdNa4+UYZF0whfBysf8qY6o7oV8dFC1Ld//5HmY=
github.com/pkg/errors v0.8.0 h1:WdK/asTD0HN+q6hsWO3/vpuAkAr+tw6aNJNDFFf0+qw=
github.com/pkg/errors v0.8.0/go.mod h1:bwawxfHBFNV+L2hUp1rHADufV3IMtnDRdf1r5NINEl0=
